{
  "name": "zuo",
  "version": "1.0.0",
  "lockfileVersion": 3,
  "requires": true,
  "packages": {
    "": {
      "name": "zuo",
      "version": "1.0.0",
      "license": "ISC",
      "devDependencies": {
        "@sveltejs/adapter-static": "^0.0.17"
      }
    },
    "node_modules/@sveltejs/adapter-static": {
      "version": "0.0.17",
      "resolved": "https://registry.npmjs.org/@sveltejs/adapter-static/-/adapter-static-0.0.17.tgz",
      "integrity": "sha512-K84tErUpnrvUsvCAmW3tnrgPUPfAyKsFEXvgb0cDA+aq/15TYgrzAHVDUJZs4Zyuv6uDQSO6/NmV9EUGhOiJvw==",
      "dev": true
    }
  }
}
